
Microsoft Visual Studio Solution File, Format Version 12.00
# Visual Studio Version 17
VisualStudioVersion = 17.3.32825.248
MinimumVisualStudioVersion = 10.0.40219.1
Project("{FAE04EC0-301F-11D3-BF4B-00C04F79EFBC}") = "Teste", "Teste\Teste.csproj", "{79EBDA45-3BC2-4578-85DF-68265E1899E2}"
EndProject
Global
	GlobalSection(SolutionConfigurationPlatforms) = preSolution
		Debug|Any CPU = Debug|Any CPU
		Release|Any CPU = Release|Any CPU
	EndGlobalSection
	GlobalSection(ProjectConfigurationPlatforms) = postSolution
		{79EBDA45-3BC2-4578-85DF-68265E1899E2}.Debug|Any CPU.ActiveCfg = Debug|Any CPU
		{79EBDA45-3BC2-4578-85DF-68265E1899E2}.Debug|Any CPU.Build.0 = Debug|Any CPU
		{79EBDA45-3BC2-4578-85DF-68265E1899E2}.Release|Any CPU.ActiveCfg = Release|Any CPU
		{79EBDA45-3BC2-4578-85DF-68265E1899E2}.Release|Any CPU.Build.0 = Release|Any CPU
	EndGlobalSection
	GlobalSection(SolutionProperties) = preSolution
		HideSolutionNode = FALSE
	EndGlobalSection
	GlobalSection(ExtensibilityGlobals) = postSolution
		SolutionGuid = {71B2C5A6-C8D9-4F3D-A146-BB8622108451}
	EndGlobalSection
EndGlobal
